
Microsoft Visual Studio Solution File, Format Version 12.00
# Visual Studio 14
VisualStudioVersion = 14.0.24720.0
MinimumVisualStudioVersion = 10.0.40219.1
Project("{FAE04EC0-301F-11D3-BF4B-00C04F79EFBC}") = "En.Gen.Pistons.EntityFramework", "En.Gen.Pistons.EntityFramework\En.Gen.Pistons.EntityFramework.csproj", "{CA211A1C-1088-4B6E-B12E-06E61B613C6D}"
EndProject
Project("{FAE04EC0-301F-11D3-BF4B-00C04F79EFBC}") = "En.Gen.Pistons.EntityFramework.Tests", "En.Gen.Pistons.EntityFramework.Tests\En.Gen.Pistons.EntityFramework.Tests.csproj", "{CB4283D6-D12A-4523-9DEC-7735C11784CD}"
EndProject
Global
	GlobalSection(SolutionConfigurationPlatforms) = preSolution
		Debug|Any CPU = Debug|Any CPU
		Release|Any CPU = Release|Any CPU
	EndGlobalSection
	GlobalSection(ProjectConfigurationPlatforms) = postSolution
		{CA211A1C-1088-4B6E-B12E-06E61B613C6D}.Debug|Any CPU.ActiveCfg = Debug|Any CPU
		{CA211A1C-1088-4B6E-B12E-06E61B613C6D}.Debug|Any CPU.Build.0 = Debug|Any CPU
		{CA211A1C-1088-4B6E-B12E-06E61B613C6D}.Release|Any CPU.ActiveCfg = Release|Any CPU
		{CA211A1C-1088-4B6E-B12E-06E61B613C6D}.Release|Any CPU.Build.0 = Release|Any CPU
		{CB4283D6-D12A-4523-9DEC-7735C11784CD}.Debug|Any CPU.ActiveCfg = Debug|Any CPU
		{CB4283D6-D12A-4523-9DEC-7735C11784CD}.Debug|Any CPU.Build.0 = Debug|Any CPU
		{CB4283D6-D12A-4523-9DEC-7735C11784CD}.Release|Any CPU.ActiveCfg = Release|Any CPU
		{CB4283D6-D12A-4523-9DEC-7735C11784CD}.Release|Any CPU.Build.0 = Release|Any CPU
	EndGlobalSection
	GlobalSection(SolutionProperties) = preSolution
		HideSolutionNode = FALSE
	EndGlobalSection
EndGlobal
